
Microsoft Visual Studio Solution File, Format Version 12.00
# Visual Studio Version 16
VisualStudioVersion = 16.0.29503.13
MinimumVisualStudioVersion = 10.0.40219.1
Project("{FAE04EC0-301F-11D3-BF4B-00C04F79EFBC}") = "TempFileStorage.SqlServer", "TempFileStorage.SqlServer\TempFileStorage.SqlServer.csproj", "{254B7172-C6EA-477B-907F-C2558847462D}"
EndProject
Project("{FAE04EC0-301F-11D3-BF4B-00C04F79EFBC}") = "TempFileStorage", "TempFileStorage\TempFileStorage.csproj", "{B9DA819D-3017-46C1-A688-134B417A2521}"
EndProject
Project("{FAE04EC0-301F-11D3-BF4B-00C04F79EFBC}") = "TempFileStorage.AzureBlobStorage", "TempFileStorage.AzureBlobStorage\TempFileStorage.AzureBlobStorage.csproj", "{8E3DF474-41AF-4408-B36B-38FEF82FA199}"
EndProject
Global
	GlobalSection(SolutionConfigurationPlatforms) = preSolution
		Debug|Any CPU = Debug|Any CPU
		Release|Any CPU = Release|Any CPU
	EndGlobalSection
	GlobalSection(ProjectConfigurationPlatforms) = postSolution
		{254B7172-C6EA-477B-907F-C2558847462D}.Debug|Any CPU.ActiveCfg = Debug|Any CPU
		{254B7172-C6EA-477B-907F-C2558847462D}.Debug|Any CPU.Build.0 = Debug|Any CPU
		{254B7172-C6EA-477B-907F-C2558847462D}.Release|Any CPU.ActiveCfg = Release|Any CPU
		{254B7172-C6EA-477B-907F-C2558847462D}.Release|Any CPU.Build.0 = Release|Any CPU
		{B9DA819D-3017-46C1-A688-134B417A2521}.Debug|Any CPU.ActiveCfg = Debug|Any CPU
		{B9DA819D-3017-46C1-A688-134B417A2521}.Debug|Any CPU.Build.0 = Debug|Any CPU
		{B9DA819D-3017-46C1-A688-134B417A2521}.Release|Any CPU.ActiveCfg = Release|Any CPU
		{B9DA819D-3017-46C1-A688-134B417A2521}.Release|Any CPU.Build.0 = Release|Any CPU
		{8E3DF474-41AF-4408-B36B-38FEF82FA199}.Debug|Any CPU.ActiveCfg = Debug|Any CPU
		{8E3DF474-41AF-4408-B36B-38FEF82FA199}.Debug|Any CPU.Build.0 = Debug|Any CPU
		{8E3DF474-41AF-4408-B36B-38FEF82FA199}.Release|Any CPU.ActiveCfg = Release|Any CPU
		{8E3DF474-41AF-4408-B36B-38FEF82FA199}.Release|Any CPU.Build.0 = Release|Any CPU
	EndGlobalSection
	GlobalSection(SolutionProperties) = preSolution
		HideSolutionNode = FALSE
	EndGlobalSection
	GlobalSection(ExtensibilityGlobals) = postSolution
		SolutionGuid = {26E4D2D2-1856-4799-9D59-11EE281D26C5}
	EndGlobalSection
EndGlobal
